
Microsoft Visual Studio Solution File, Format Version 11.00
# Visual Studio 2010
Project("{F088123C-0E9E-452A-89E6-6BA2F21D5CAC}") = "Projet Mars", "Projet Mars\Projet Mars.modelproj", "{FC6162CC-AA44-4E9C-89EC-86CE211147EF}"
EndProject
Project("{FAE04EC0-301F-11D3-BF4B-00C04F79EFBC}") = "Logiciel", "Logiciel\Logiciel.csproj", "{33C34475-25F1-4F97-B2D4-33E06AC58C31}"
EndProject
Project("{FAE04EC0-301F-11D3-BF4B-00C04F79EFBC}") = "TestProject", "TestProject\TestProject.csproj", "{54AFBD19-6806-4F1C-B75C-12E0D43A2325}"
EndProject
Project("{2150E333-8FDC-42A3-9474-1A3956D46DE8}") = "Solution Items", "Solution Items", "{0762F56C-D8BD-4A9C-B76B-279FE82BC40F}"
	ProjectSection(SolutionItems) = preProject
		Local.testsettings = Local.testsettings
		Projet Mars.vsmdi = Projet Mars.vsmdi
		TraceAndTestImpact.testsettings = TraceAndTestImpact.testsettings
	EndProjectSection
EndProject
Global
	GlobalSection(TestCaseManagementSettings) = postSolution
		CategoryFile = Projet Mars.vsmdi
	EndGlobalSection
	GlobalSection(SolutionConfigurationPlatforms) = preSolution
		Debug|Any CPU = Debug|Any CPU
		Debug|Mixed Platforms = Debug|Mixed Platforms
		Debug|x86 = Debug|x86
		Release|Any CPU = Release|Any CPU
		Release|Mixed Platforms = Release|Mixed Platforms
		Release|x86 = Release|x86
	EndGlobalSection
	GlobalSection(ProjectConfigurationPlatforms) = postSolution
		{FC6162CC-AA44-4E9C-89EC-86CE211147EF}.Debug|Any CPU.ActiveCfg = Debug|Any CPU
		{FC6162CC-AA44-4E9C-89EC-86CE211147EF}.Debug|Any CPU.Build.0 = Debug|Any CPU
		{FC6162CC-AA44-4E9C-89EC-86CE211147EF}.Debug|Mixed Platforms.ActiveCfg = Debug|Any CPU
		{FC6162CC-AA44-4E9C-89EC-86CE211147EF}.Debug|Mixed Platforms.Build.0 = Debug|Any CPU
		{FC6162CC-AA44-4E9C-89EC-86CE211147EF}.Debug|x86.ActiveCfg = Debug|Any CPU
		{FC6162CC-AA44-4E9C-89EC-86CE211147EF}.Release|Any CPU.ActiveCfg = Release|Any CPU
		{FC6162CC-AA44-4E9C-89EC-86CE211147EF}.Release|Any CPU.Build.0 = Release|Any CPU
		{FC6162CC-AA44-4E9C-89EC-86CE211147EF}.Release|Mixed Platforms.ActiveCfg = Release|Any CPU
		{FC6162CC-AA44-4E9C-89EC-86CE211147EF}.Release|Mixed Platforms.Build.0 = Release|Any CPU
		{FC6162CC-AA44-4E9C-89EC-86CE211147EF}.Release|x86.ActiveCfg = Release|Any CPU
		{33C34475-25F1-4F97-B2D4-33E06AC58C31}.Debug|Any CPU.ActiveCfg = Debug|x86
		{33C34475-25F1-4F97-B2D4-33E06AC58C31}.Debug|Mixed Platforms.ActiveCfg = Debug|x86
		{33C34475-25F1-4F97-B2D4-33E06AC58C31}.Debug|Mixed Platforms.Build.0 = Debug|x86
		{33C34475-25F1-4F97-B2D4-33E06AC58C31}.Debug|x86.ActiveCfg = Debug|x86
		{33C34475-25F1-4F97-B2D4-33E06AC58C31}.Debug|x86.Build.0 = Debug|x86
		{33C34475-25F1-4F97-B2D4-33E06AC58C31}.Release|Any CPU.ActiveCfg = Release|x86
		{33C34475-25F1-4F97-B2D4-33E06AC58C31}.Release|Mixed Platforms.ActiveCfg = Release|x86
		{33C34475-25F1-4F97-B2D4-33E06AC58C31}.Release|Mixed Platforms.Build.0 = Release|x86
		{33C34475-25F1-4F97-B2D4-33E06AC58C31}.Release|x86.ActiveCfg = Release|x86
		{33C34475-25F1-4F97-B2D4-33E06AC58C31}.Release|x86.Build.0 = Release|x86
		{54AFBD19-6806-4F1C-B75C-12E0D43A2325}.Debug|Any CPU.ActiveCfg = Debug|Any CPU
		{54AFBD19-6806-4F1C-B75C-12E0D43A2325}.Debug|Any CPU.Build.0 = Debug|Any CPU
		{54AFBD19-6806-4F1C-B75C-12E0D43A2325}.Debug|Mixed Platforms.ActiveCfg = Debug|Any CPU
		{54AFBD19-6806-4F1C-B75C-12E0D43A2325}.Debug|Mixed Platforms.Build.0 = Debug|Any CPU
		{54AFBD19-6806-4F1C-B75C-12E0D43A2325}.Debug|x86.ActiveCfg = Debug|Any CPU
		{54AFBD19-6806-4F1C-B75C-12E0D43A2325}.Release|Any CPU.ActiveCfg = Release|Any CPU
		{54AFBD19-6806-4F1C-B75C-12E0D43A2325}.Release|Any CPU.Build.0 = Release|Any CPU
		{54AFBD19-6806-4F1C-B75C-12E0D43A2325}.Release|Mixed Platforms.ActiveCfg = Release|Any CPU
		{54AFBD19-6806-4F1C-B75C-12E0D43A2325}.Release|Mixed Platforms.Build.0 = Release|Any CPU
		{54AFBD19-6806-4F1C-B75C-12E0D43A2325}.Release|x86.ActiveCfg = Release|Any CPU
	EndGlobalSection
	GlobalSection(SolutionProperties) = preSolution
		HideSolutionNode = FALSE
	EndGlobalSection
EndGlobal
